<?xml version="1.0" encoding="utf-8"?>
<Project ToolsVersion="4.0" xmlns="http://schemas.microsoft.com/developer/msbuild/2003">
  <ItemGroup>
    <Filter Include="源文件">
      <UniqueIdentifier>{4FC737F1-C7A5-4376-A066-2A32D752A2FF}</UniqueIdentifier>
      <Extensions>cpp;c;cc;cxx;def;odl;idl;hpj;bat;asm;asmx</Extensions>
    </Filter>
    <Filter Include="头文件">
      <UniqueIdentifier>{93995380-89BD-4b04-88EB-625FBE52EBFB}</UniqueIdentifier>
      <Extensions>h;hh;hpp;hxx;hm;inl;inc;xsd</Extensions>
    </Filter>
    <Filter Include="资源文件">
      <UniqueIdentifier>{67DA6AB6-F800-4c08-8B7A-83BB121AAD01}</UniqueIdentifier>
      <Extensions>rc;ico;cur;bmp;dlg;rc2;rct;bin;rgs;gif;jpg;jpeg;jpe;resx;tiff;tif;png;wav;mfcribbon-ms</Extensions>
    </Filter>
    <Filter Include="simpleini">
      <UniqueIdentifier>{de46a8b6-670f-4fc3-ba9e-9e7ddad68269}</UniqueIdentifier>
    </Filter>
    <Filter Include="protobuf">
      <UniqueIdentifier>{41913976-d5c7-4056-8514-10ced4193326}</UniqueIdentifier>
    </Filter>
  </ItemGroup>
  <ItemGroup>
    <Text Include="ReadMe.txt" />
  </ItemGroup>
  <ItemGroup>
    <ClCompile Include="HelloClient.cpp">
      <Filter>源文件</Filter>
    </ClCompile>
    <ClCompile Include="AppClient.cpp">
      <Filter>源文件</Filter>
    </ClCompile>
    <ClCompile Include="simpleini\ConvertUTF.c">
      <Filter>simpleini</Filter>
    </ClCompile>
    <ClCompile Include="simpleini\snippets.cpp">
      <Filter>simpleini</Filter>
    </ClCompile>
    <ClCompile Include="protobuf\helloserver.pb.cc">
      <Filter>protobuf</Filter>
    </ClCompile>
    <ClCompile Include="protobuf\msgexpress.pb.cc">
      <Filter>protobuf</Filter>
    </ClCompile>
  </ItemGroup>
  <ItemGroup>
    <ClInclude Include="AppClient.h">
      <Filter>头文件</Filter>
    </ClInclude>
    <ClInclude Include="simpleini\ConvertUTF.h">
      <Filter>simpleini</Filter>
    </ClInclude>
    <ClInclude Include="simpleini\SimpleIni.h">
      <Filter>simpleini</Filter>
    </ClInclude>
    <ClInclude Include="protobuf\helloserver.pb.h">
      <Filter>protobuf</Filter>
    </ClInclude>
    <ClInclude Include="protobuf\msgexpress.pb.h">
      <Filter>protobuf</Filter>
    </ClInclude>
  </ItemGroup>
</Project>